
Microsoft Visual Studio Solution File, Format Version 12.00
# Visual Studio 2012
Project("{FAE04EC0-301F-11D3-BF4B-00C04F79EFBC}") = "5.Loops", "5.Loops\5.Loops.csproj", "{FC38968F-2FE0-46D2-A6D3-086B902710F6}"
EndProject
Global
	GlobalSection(SolutionConfigurationPlatforms) = preSolution
		Debug|Any CPU = Debug|Any CPU
		Release|Any CPU = Release|Any CPU
	EndGlobalSection
	GlobalSection(ProjectConfigurationPlatforms) = postSolution
		{FC38968F-2FE0-46D2-A6D3-086B902710F6}.Debug|Any CPU.ActiveCfg = Debug|Any CPU
		{FC38968F-2FE0-46D2-A6D3-086B902710F6}.Debug|Any CPU.Build.0 = Debug|Any CPU
		{FC38968F-2FE0-46D2-A6D3-086B902710F6}.Release|Any CPU.ActiveCfg = Release|Any CPU
		{FC38968F-2FE0-46D2-A6D3-086B902710F6}.Release|Any CPU.Build.0 = Release|Any CPU
	EndGlobalSection
	GlobalSection(SolutionProperties) = preSolution
		HideSolutionNode = FALSE
	EndGlobalSection
EndGlobal
