
Microsoft Visual Studio Solution File, Format Version 12.00
# Visual Studio 2012
Project("{FAE04EC0-301F-11D3-BF4B-00C04F79EFBC}") = "1.Vehicles", "1.Vehicles\1.Vehicles.csproj", "{E156ED37-2AC6-4D7B-89C5-0227323A6894}"
EndProject
Global
	GlobalSection(SolutionConfigurationPlatforms) = preSolution
		Debug|Any CPU = Debug|Any CPU
		Release|Any CPU = Release|Any CPU
	EndGlobalSection
	GlobalSection(ProjectConfigurationPlatforms) = postSolution
		{E156ED37-2AC6-4D7B-89C5-0227323A6894}.Debug|Any CPU.ActiveCfg = Debug|Any CPU
		{E156ED37-2AC6-4D7B-89C5-0227323A6894}.Debug|Any CPU.Build.0 = Debug|Any CPU
		{E156ED37-2AC6-4D7B-89C5-0227323A6894}.Release|Any CPU.ActiveCfg = Release|Any CPU
		{E156ED37-2AC6-4D7B-89C5-0227323A6894}.Release|Any CPU.Build.0 = Release|Any CPU
	EndGlobalSection
	GlobalSection(SolutionProperties) = preSolution
		HideSolutionNode = FALSE
	EndGlobalSection
EndGlobal
