
Microsoft Visual Studio Solution File, Format Version 12.00
# Visual Studio 2012
Project("{FAE04EC0-301F-11D3-BF4B-00C04F79EFBC}") = "SampleLogoGradient", "..\..\4.SASS\Homework\4.SASS\1.SampleLogoGradient\SampleLogoGradient.csproj", "{BBC5AAC8-8D7C-49D3-AE15-74345B868927}"
EndProject
Project("{FAE04EC0-301F-11D3-BF4B-00C04F79EFBC}") = "Template", "..\..\4.SASS\Homework\4.SASS\Template\Template.csproj", "{2445917C-D918-4A08-B239-BB77448CB1E5}"
EndProject
Project("{FAE04EC0-301F-11D3-BF4B-00C04F79EFBC}") = "WebGallery", "..\..\4.SASS\Homework\4.SASS\2.WebGallery\WebGallery.csproj", "{23F538E3-110E-41FD-8E52-AC8759C45E72}"
EndProject
Project("{FAE04EC0-301F-11D3-BF4B-00C04F79EFBC}") = "Exersice", "..\..\4.SASS\Homework\4.SASS\Exersice\Exersice.csproj", "{184AF98F-1697-4A8A-B587-8C444A605280}"
EndProject
Project("{FAE04EC0-301F-11D3-BF4B-00C04F79EFBC}") = "1", "1\1.csproj", "{BD3F0D6F-3C11-4415-B99F-294E090FA4AE}"
EndProject
Project("{FAE04EC0-301F-11D3-BF4B-00C04F79EFBC}") = "2", "2\2.csproj", "{102971C6-7717-4A07-9D39-E71F41CAC266}"
EndProject
Project("{FAE04EC0-301F-11D3-BF4B-00C04F79EFBC}") = "3", "3\3.csproj", "{B36F1142-D76E-4664-BC9A-B9DF7B49722F}"
EndProject
Global
	GlobalSection(SolutionConfigurationPlatforms) = preSolution
		Debug|Any CPU = Debug|Any CPU
		Release|Any CPU = Release|Any CPU
	EndGlobalSection
	GlobalSection(ProjectConfigurationPlatforms) = postSolution
		{BBC5AAC8-8D7C-49D3-AE15-74345B868927}.Debug|Any CPU.ActiveCfg = Debug|Any CPU
		{BBC5AAC8-8D7C-49D3-AE15-74345B868927}.Debug|Any CPU.Build.0 = Debug|Any CPU
		{BBC5AAC8-8D7C-49D3-AE15-74345B868927}.Release|Any CPU.ActiveCfg = Release|Any CPU
		{BBC5AAC8-8D7C-49D3-AE15-74345B868927}.Release|Any CPU.Build.0 = Release|Any CPU
		{2445917C-D918-4A08-B239-BB77448CB1E5}.Debug|Any CPU.ActiveCfg = Debug|Any CPU
		{2445917C-D918-4A08-B239-BB77448CB1E5}.Debug|Any CPU.Build.0 = Debug|Any CPU
		{2445917C-D918-4A08-B239-BB77448CB1E5}.Release|Any CPU.ActiveCfg = Release|Any CPU
		{2445917C-D918-4A08-B239-BB77448CB1E5}.Release|Any CPU.Build.0 = Release|Any CPU
		{23F538E3-110E-41FD-8E52-AC8759C45E72}.Debug|Any CPU.ActiveCfg = Debug|Any CPU
		{23F538E3-110E-41FD-8E52-AC8759C45E72}.Debug|Any CPU.Build.0 = Debug|Any CPU
		{23F538E3-110E-41FD-8E52-AC8759C45E72}.Release|Any CPU.ActiveCfg = Release|Any CPU
		{23F538E3-110E-41FD-8E52-AC8759C45E72}.Release|Any CPU.Build.0 = Release|Any CPU
		{184AF98F-1697-4A8A-B587-8C444A605280}.Debug|Any CPU.ActiveCfg = Debug|Any CPU
		{184AF98F-1697-4A8A-B587-8C444A605280}.Debug|Any CPU.Build.0 = Debug|Any CPU
		{184AF98F-1697-4A8A-B587-8C444A605280}.Release|Any CPU.ActiveCfg = Release|Any CPU
		{184AF98F-1697-4A8A-B587-8C444A605280}.Release|Any CPU.Build.0 = Release|Any CPU
		{BD3F0D6F-3C11-4415-B99F-294E090FA4AE}.Debug|Any CPU.ActiveCfg = Debug|Any CPU
		{BD3F0D6F-3C11-4415-B99F-294E090FA4AE}.Debug|Any CPU.Build.0 = Debug|Any CPU
		{BD3F0D6F-3C11-4415-B99F-294E090FA4AE}.Release|Any CPU.ActiveCfg = Release|Any CPU
		{BD3F0D6F-3C11-4415-B99F-294E090FA4AE}.Release|Any CPU.Build.0 = Release|Any CPU
		{102971C6-7717-4A07-9D39-E71F41CAC266}.Debug|Any CPU.ActiveCfg = Debug|Any CPU
		{102971C6-7717-4A07-9D39-E71F41CAC266}.Debug|Any CPU.Build.0 = Debug|Any CPU
		{102971C6-7717-4A07-9D39-E71F41CAC266}.Release|Any CPU.ActiveCfg = Release|Any CPU
		{102971C6-7717-4A07-9D39-E71F41CAC266}.Release|Any CPU.Build.0 = Release|Any CPU
		{B36F1142-D76E-4664-BC9A-B9DF7B49722F}.Debug|Any CPU.ActiveCfg = Debug|Any CPU
		{B36F1142-D76E-4664-BC9A-B9DF7B49722F}.Debug|Any CPU.Build.0 = Debug|Any CPU
		{B36F1142-D76E-4664-BC9A-B9DF7B49722F}.Release|Any CPU.ActiveCfg = Release|Any CPU
		{B36F1142-D76E-4664-BC9A-B9DF7B49722F}.Release|Any CPU.Build.0 = Release|Any CPU
	EndGlobalSection
	GlobalSection(SolutionProperties) = preSolution
		HideSolutionNode = FALSE
	EndGlobalSection
EndGlobal
